
Microsoft Visual Studio Solution File, Format Version 12.00
# Visual Studio 2012
Project("{FAE04EC0-301F-11D3-BF4B-00C04F79EFBC}") = "TrainSimulator", "TrainSimulator\TrainSimulator.csproj", "{658B3CFC-07FE-4C43-A488-342408CC6A16}"
EndProject
Global
	GlobalSection(SolutionConfigurationPlatforms) = preSolution
		Debug|Any CPU = Debug|Any CPU
		Release|Any CPU = Release|Any CPU
	EndGlobalSection
	GlobalSection(ProjectConfigurationPlatforms) = postSolution
		{658B3CFC-07FE-4C43-A488-342408CC6A16}.Debug|Any CPU.ActiveCfg = Debug|Any CPU
		{658B3CFC-07FE-4C43-A488-342408CC6A16}.Debug|Any CPU.Build.0 = Debug|Any CPU
		{658B3CFC-07FE-4C43-A488-342408CC6A16}.Release|Any CPU.ActiveCfg = Release|Any CPU
		{658B3CFC-07FE-4C43-A488-342408CC6A16}.Release|Any CPU.Build.0 = Release|Any CPU
	EndGlobalSection
	GlobalSection(SolutionProperties) = preSolution
		HideSolutionNode = FALSE
	EndGlobalSection
EndGlobal
